
Microsoft Visual Studio Solution File, Format Version 12.00
# Visual Studio Version 17
VisualStudioVersion = 17.14.36518.9
MinimumVisualStudioVersion = 10.0.40219.1
Project("{FAE04EC0-301F-11D3-BF4B-00C04F79EFBC}") = "LibraryAppV2.Api", "LibraryAppV2\LibraryAppV2.Api.csproj", "{640263EE-5E2E-4C7F-9F1A-4C87F98C2E21}"
EndProject
Project("{FAE04EC0-301F-11D3-BF4B-00C04F79EFBC}") = "LibraryAppV2.Core", "LibraryAppV2.Core\LibraryAppV2.Core.csproj", "{2568BB24-22B2-4B3C-8782-261D33DA5897}"
EndProject
Project("{2150E333-8FDC-42A3-9474-1A3956D46DE8}") = "src", "src", "{02EA681E-C7D8-13C7-8484-4AC65E1B71E8}"
EndProject
Project("{2150E333-8FDC-42A3-9474-1A3956D46DE8}") = "docs", "docs", "{D87F6095-C936-425A-8AA1-A2420686775D}"
	ProjectSection(SolutionItems) = preProject
		readme.md = readme.md
	EndProjectSection
EndProject
Project("{FAE04EC0-301F-11D3-BF4B-00C04F79EFBC}") = "LibraryAppV2.Infrastructure", "LibraryAppV2.Infrastructure\LibraryAppV2.Infrastructure.csproj", "{443F12B9-30FF-4CB7-B501-939C73824FEB}"
EndProject
Global
	GlobalSection(SolutionConfigurationPlatforms) = preSolution
		Debug|Any CPU = Debug|Any CPU
		Release|Any CPU = Release|Any CPU
	EndGlobalSection
	GlobalSection(ProjectConfigurationPlatforms) = postSolution
		{640263EE-5E2E-4C7F-9F1A-4C87F98C2E21}.Debug|Any CPU.ActiveCfg = Debug|Any CPU
		{640263EE-5E2E-4C7F-9F1A-4C87F98C2E21}.Debug|Any CPU.Build.0 = Debug|Any CPU
		{640263EE-5E2E-4C7F-9F1A-4C87F98C2E21}.Release|Any CPU.ActiveCfg = Release|Any CPU
		{640263EE-5E2E-4C7F-9F1A-4C87F98C2E21}.Release|Any CPU.Build.0 = Release|Any CPU
		{2568BB24-22B2-4B3C-8782-261D33DA5897}.Debug|Any CPU.ActiveCfg = Debug|Any CPU
		{2568BB24-22B2-4B3C-8782-261D33DA5897}.Debug|Any CPU.Build.0 = Debug|Any CPU
		{2568BB24-22B2-4B3C-8782-261D33DA5897}.Release|Any CPU.ActiveCfg = Release|Any CPU
		{2568BB24-22B2-4B3C-8782-261D33DA5897}.Release|Any CPU.Build.0 = Release|Any CPU
		{443F12B9-30FF-4CB7-B501-939C73824FEB}.Debug|Any CPU.ActiveCfg = Debug|Any CPU
		{443F12B9-30FF-4CB7-B501-939C73824FEB}.Debug|Any CPU.Build.0 = Debug|Any CPU
		{443F12B9-30FF-4CB7-B501-939C73824FEB}.Release|Any CPU.ActiveCfg = Release|Any CPU
		{443F12B9-30FF-4CB7-B501-939C73824FEB}.Release|Any CPU.Build.0 = Release|Any CPU
	EndGlobalSection
	GlobalSection(SolutionProperties) = preSolution
		HideSolutionNode = FALSE
	EndGlobalSection
	GlobalSection(NestedProjects) = preSolution
		{640263EE-5E2E-4C7F-9F1A-4C87F98C2E21} = {02EA681E-C7D8-13C7-8484-4AC65E1B71E8}
		{2568BB24-22B2-4B3C-8782-261D33DA5897} = {02EA681E-C7D8-13C7-8484-4AC65E1B71E8}
	EndGlobalSection
	GlobalSection(ExtensibilityGlobals) = postSolution
		SolutionGuid = {C2D2E873-5180-4C11-8251-D80F02855B53}
	EndGlobalSection
EndGlobal
